
Microsoft Visual Studio Solution File, Format Version 12.00
# Visual Studio Version 16
VisualStudioVersion = 16.0.30002.166
MinimumVisualStudioVersion = 10.0.40219.1
Project("{9A19103F-16F7-4668-BE54-9A1E7A4F7556}") = "SpiderSolitaire", "SpiderSolitaire.csproj", "{31A8FEB4-19CF-4BFC-A27A-5CEF4752563F}"
EndProject
Project("{FAE04EC0-301F-11D3-BF4B-00C04F79EFBC}") = "SolitaireTestSuite", "..\SolitaireTestSuite\SolitaireTestSuite.csproj", "{7C9372D4-563A-446F-9B8D-1C290F1B93F4}"
EndProject
Global
	GlobalSection(SolutionConfigurationPlatforms) = preSolution
		Debug|Any CPU = Debug|Any CPU
		Release|Any CPU = Release|Any CPU
	EndGlobalSection
	GlobalSection(ProjectConfigurationPlatforms) = postSolution
		{31A8FEB4-19CF-4BFC-A27A-5CEF4752563F}.Debug|Any CPU.ActiveCfg = Debug|Any CPU
		{31A8FEB4-19CF-4BFC-A27A-5CEF4752563F}.Debug|Any CPU.Build.0 = Debug|Any CPU
		{31A8FEB4-19CF-4BFC-A27A-5CEF4752563F}.Release|Any CPU.ActiveCfg = Release|Any CPU
		{31A8FEB4-19CF-4BFC-A27A-5CEF4752563F}.Release|Any CPU.Build.0 = Release|Any CPU
		{7C9372D4-563A-446F-9B8D-1C290F1B93F4}.Debug|Any CPU.ActiveCfg = Debug|Any CPU
		{7C9372D4-563A-446F-9B8D-1C290F1B93F4}.Debug|Any CPU.Build.0 = Debug|Any CPU
		{7C9372D4-563A-446F-9B8D-1C290F1B93F4}.Release|Any CPU.ActiveCfg = Release|Any CPU
		{7C9372D4-563A-446F-9B8D-1C290F1B93F4}.Release|Any CPU.Build.0 = Release|Any CPU
	EndGlobalSection
	GlobalSection(SolutionProperties) = preSolution
		HideSolutionNode = FALSE
	EndGlobalSection
	GlobalSection(ExtensibilityGlobals) = postSolution
		SolutionGuid = {620D0740-B01E-4247-824B-5A57263B1A2F}
	EndGlobalSection
EndGlobal
